
Microsoft Visual Studio Solution File, Format Version 12.00
# Visual Studio Version 16
VisualStudioVersion = 16.0.32002.261
MinimumVisualStudioVersion = 10.0.40219.1
Project("{FAE04EC0-301F-11D3-BF4B-00C04F79EFBC}") = "WpfApp1", "WpfApp1\WpfApp1.csproj", "{F4DB7C0A-76A9-41BD-8208-C54227BB102D}"
EndProject
Global
	GlobalSection(SolutionConfigurationPlatforms) = preSolution
		Debug|Any CPU = Debug|Any CPU
		Release|Any CPU = Release|Any CPU
	EndGlobalSection
	GlobalSection(ProjectConfigurationPlatforms) = postSolution
		{F4DB7C0A-76A9-41BD-8208-C54227BB102D}.Debug|Any CPU.ActiveCfg = Debug|Any CPU
		{F4DB7C0A-76A9-41BD-8208-C54227BB102D}.Debug|Any CPU.Build.0 = Debug|Any CPU
		{F4DB7C0A-76A9-41BD-8208-C54227BB102D}.Release|Any CPU.ActiveCfg = Release|Any CPU
		{F4DB7C0A-76A9-41BD-8208-C54227BB102D}.Release|Any CPU.Build.0 = Release|Any CPU
	EndGlobalSection
	GlobalSection(SolutionProperties) = preSolution
		HideSolutionNode = FALSE
	EndGlobalSection
	GlobalSection(ExtensibilityGlobals) = postSolution
		SolutionGuid = {46108070-1221-46CF-ADA2-706B27235F51}
	EndGlobalSection
EndGlobal
